
Microsoft Visual Studio Solution File, Format Version 12.00
# Visual Studio Version 17
VisualStudioVersion = 17.7.34024.191
MinimumVisualStudioVersion = 10.0.40219.1
Project("{9A19103F-16F7-4668-BE54-9A1E7A4F7556}") = "RpgBattleSystem", "RpgBattleSystem\RpgBattleSystem.csproj", "{CC78CB86-5167-4F41-AE64-3B09117B3388}"
EndProject
Project("{9A19103F-16F7-4668-BE54-9A1E7A4F7556}") = "Plotting", "Plotting\Plotting.csproj", "{776106A5-8D48-4A38-BE16-9FC30616B02C}"
EndProject
Project("{9A19103F-16F7-4668-BE54-9A1E7A4F7556}") = "ConsoleView", "ConsoleView\ConsoleView.csproj", "{D18C9A95-E3D4-4079-A338-98C3BAE83B1B}"
EndProject
Project("{9A19103F-16F7-4668-BE54-9A1E7A4F7556}") = "GameController", "GameController\GameController.csproj", "{E68160D9-A904-4F92-B4ED-CAB5C23784C7}"
EndProject
Project("{FAE04EC0-301F-11D3-BF4B-00C04F79EFBC}") = "WebView", "WebView\WebView.csproj", "{A690A231-9035-44E3-8315-315A2DD14C0C}"
EndProject
Global
	GlobalSection(SolutionConfigurationPlatforms) = preSolution
		Debug|Any CPU = Debug|Any CPU
		Release|Any CPU = Release|Any CPU
	EndGlobalSection
	GlobalSection(ProjectConfigurationPlatforms) = postSolution
		{CC78CB86-5167-4F41-AE64-3B09117B3388}.Debug|Any CPU.ActiveCfg = Debug|Any CPU
		{CC78CB86-5167-4F41-AE64-3B09117B3388}.Debug|Any CPU.Build.0 = Debug|Any CPU
		{CC78CB86-5167-4F41-AE64-3B09117B3388}.Release|Any CPU.ActiveCfg = Release|Any CPU
		{CC78CB86-5167-4F41-AE64-3B09117B3388}.Release|Any CPU.Build.0 = Release|Any CPU
		{776106A5-8D48-4A38-BE16-9FC30616B02C}.Debug|Any CPU.ActiveCfg = Debug|Any CPU
		{776106A5-8D48-4A38-BE16-9FC30616B02C}.Debug|Any CPU.Build.0 = Debug|Any CPU
		{776106A5-8D48-4A38-BE16-9FC30616B02C}.Release|Any CPU.ActiveCfg = Release|Any CPU
		{776106A5-8D48-4A38-BE16-9FC30616B02C}.Release|Any CPU.Build.0 = Release|Any CPU
		{D18C9A95-E3D4-4079-A338-98C3BAE83B1B}.Debug|Any CPU.ActiveCfg = Debug|Any CPU
		{D18C9A95-E3D4-4079-A338-98C3BAE83B1B}.Debug|Any CPU.Build.0 = Debug|Any CPU
		{D18C9A95-E3D4-4079-A338-98C3BAE83B1B}.Release|Any CPU.ActiveCfg = Release|Any CPU
		{D18C9A95-E3D4-4079-A338-98C3BAE83B1B}.Release|Any CPU.Build.0 = Release|Any CPU
		{E68160D9-A904-4F92-B4ED-CAB5C23784C7}.Debug|Any CPU.ActiveCfg = Debug|Any CPU
		{E68160D9-A904-4F92-B4ED-CAB5C23784C7}.Debug|Any CPU.Build.0 = Debug|Any CPU
		{E68160D9-A904-4F92-B4ED-CAB5C23784C7}.Release|Any CPU.ActiveCfg = Release|Any CPU
		{E68160D9-A904-4F92-B4ED-CAB5C23784C7}.Release|Any CPU.Build.0 = Release|Any CPU
		{A690A231-9035-44E3-8315-315A2DD14C0C}.Debug|Any CPU.ActiveCfg = Debug|Any CPU
		{A690A231-9035-44E3-8315-315A2DD14C0C}.Debug|Any CPU.Build.0 = Debug|Any CPU
		{A690A231-9035-44E3-8315-315A2DD14C0C}.Release|Any CPU.ActiveCfg = Release|Any CPU
		{A690A231-9035-44E3-8315-315A2DD14C0C}.Release|Any CPU.Build.0 = Release|Any CPU
	EndGlobalSection
	GlobalSection(SolutionProperties) = preSolution
		HideSolutionNode = FALSE
	EndGlobalSection
	GlobalSection(ExtensibilityGlobals) = postSolution
		SolutionGuid = {832EF614-0FA7-48C9-8D28-E5A2F0DC839B}
	EndGlobalSection
EndGlobal
